
Microsoft Visual Studio Solution File, Format Version 12.00
# Visual Studio Version 17
VisualStudioVersion = 17.0.31903.59
MinimumVisualStudioVersion = 10.0.40219.1
Project("{2150E333-8FDC-42A3-9474-1A3956D46DE8}") = "src", "src", "{827E0CD3-B72D-47B6-A68D-7590B98EB39B}"
EndProject
Project("{2150E333-8FDC-42A3-9474-1A3956D46DE8}") = "Platform", "Platform", "{4DF80442-A1E5-CC28-AE7B-27B5F9BFE52B}"
EndProject
Project("{FAE04EC0-301F-11D3-BF4B-00C04F79EFBC}") = "Platform.Core", "src\Platform\Platform.Core\Platform.Core.csproj", "{1A7D1DFF-DC6F-4439-A1CA-C4F4152B6B90}"
EndProject
Project("{FAE04EC0-301F-11D3-BF4B-00C04F79EFBC}") = "Platform.Contracts", "src\Platform\Platform.Contracts\Platform.Contracts.csproj", "{D370BC39-A501-46F4-AE32-4F3AD5252C60}"
EndProject
Project("{FAE04EC0-301F-11D3-BF4B-00C04F79EFBC}") = "Platform.Application", "src\Platform\Platform.Application\Platform.Application.csproj", "{DB33128E-87CC-4849-A3D8-A4A5ECCBF154}"
EndProject
Project("{FAE04EC0-301F-11D3-BF4B-00C04F79EFBC}") = "Platform.Infrastructure", "src\Platform\Platform.Infrastructure\Platform.Infrastructure.csproj", "{6133773C-CAC3-41EA-8023-6B6EA2C4E50F}"
EndProject
Project("{2150E333-8FDC-42A3-9474-1A3956D46DE8}") = "tests", "tests", "{0AB3BF05-4346-4AA6-1389-037BE0695223}"
EndProject
Project("{FAE04EC0-301F-11D3-BF4B-00C04F79EFBC}") = "Architecture.Tests", "tests\Architecture.Tests\Architecture.Tests.csproj", "{8AD0807E-09EC-4C9D-BFCD-6201451D82EE}"
EndProject
Project("{2150E333-8FDC-42A3-9474-1A3956D46DE8}") = "Client", "Client", "{C5A3B5EA-BE9F-76E5-E9B8-8A22B289B295}"
EndProject
Project("{FAE04EC0-301F-11D3-BF4B-00C04F79EFBC}") = "Client.Host", "src\Client\Client.Host\Client.Host.csproj", "{F70FDF6E-62E0-488C-B781-284C73D38DDE}"
EndProject
Project("{FAE04EC0-301F-11D3-BF4B-00C04F79EFBC}") = "Client.ModuleHost", "src\Client\Client.ModuleHost\Client.ModuleHost.csproj", "{9677EDEE-A2B3-4EE0-9341-3BF02731CDCA}"
EndProject
Project("{FAE04EC0-301F-11D3-BF4B-00C04F79EFBC}") = "Client.Desktop", "src\Client\Client.Desktop\Client.Desktop.csproj", "{75555A63-6A3B-474C-A701-CBB322860C50}"
EndProject
Project("{FAE04EC0-301F-11D3-BF4B-00C04F79EFBC}") = "Client.Licensing", "src\Client\Client.Licensing\Client.Licensing.csproj", "{C27A8792-5A39-4B5D-B509-02727F76A9E2}"
EndProject
Project("{FAE04EC0-301F-11D3-BF4B-00C04F79EFBC}") = "Client.Updater", "src\Client\Client.Updater\Client.Updater.csproj", "{489171DD-B59B-420A-9699-AA05895C3D30}"
EndProject
Project("{FAE04EC0-301F-11D3-BF4B-00C04F79EFBC}") = "Platform.Infrastructure.Tests", "tests\Platform.Infrastructure.Tests\Platform.Infrastructure.Tests.csproj", "{D912A323-ED1C-4538-99EA-3C98A648B17F}"
EndProject
Project("{FAE04EC0-301F-11D3-BF4B-00C04F79EFBC}") = "Platform.ModuleContract.Tests", "tests\Platform.ModuleContract.Tests\Platform.ModuleContract.Tests.csproj", "{A731180D-FE06-463D-934C-0E7F51D80889}"
EndProject
Project("{2150E333-8FDC-42A3-9474-1A3956D46DE8}") = "Modules", "Modules", "{EC447DCF-ABFA-6E24-52A5-D7FD48A5C558}"
EndProject
Project("{2150E333-8FDC-42A3-9474-1A3956D46DE8}") = "Catalog", "Catalog", "{1E1EF545-4C18-AEE2-B997-7EF431518D3F}"
EndProject
Project("{FAE04EC0-301F-11D3-BF4B-00C04F79EFBC}") = "Catalog.Domain", "src\Modules\Catalog\Catalog.Domain\Catalog.Domain.csproj", "{0FCFA057-53D9-4A06-AC42-3A0FA6412ADF}"
EndProject
Project("{FAE04EC0-301F-11D3-BF4B-00C04F79EFBC}") = "Catalog.Contracts", "src\Modules\Catalog\Catalog.Contracts\Catalog.Contracts.csproj", "{9CBFDA19-A788-4511-8A47-5AAEEF44CFB3}"
EndProject
Project("{FAE04EC0-301F-11D3-BF4B-00C04F79EFBC}") = "Catalog.Application", "src\Modules\Catalog\Catalog.Application\Catalog.Application.csproj", "{2E99B5A2-CDCB-4878-9B1F-A17E8CB08F87}"
EndProject
Project("{FAE04EC0-301F-11D3-BF4B-00C04F79EFBC}") = "Catalog.Infrastructure", "src\Modules\Catalog\Catalog.Infrastructure\Catalog.Infrastructure.csproj", "{FABF5F0A-861C-4D5C-89F2-216CFB39177A}"
EndProject
Project("{FAE04EC0-301F-11D3-BF4B-00C04F79EFBC}") = "Catalog.UI", "src\Modules\Catalog\Catalog.UI\Catalog.UI.csproj", "{29FE21E1-ACAE-4DE6-9342-A86260CA64D2}"
EndProject
Project("{FAE04EC0-301F-11D3-BF4B-00C04F79EFBC}") = "Catalog.Tests", "tests\Catalog.Tests\Catalog.Tests.csproj", "{FCC583BB-F288-48CF-B7CB-197F631DD820}"
EndProject
Project("{2150E333-8FDC-42A3-9474-1A3956D46DE8}") = "Inventory", "Inventory", "{A1B2C3D4-E5F6-4A5B-8C9D-0E1F2A3B4C5D}"
EndProject
Project("{FAE04EC0-301F-11D3-BF4B-00C04F79EFBC}") = "Inventory.Domain", "src\Modules\Inventory\Inventory.Domain\Inventory.Domain.csproj", "{B2C3D4E5-F6A7-4B5C-9D0E-1F2A3B4C5D6E}"
EndProject
Project("{FAE04EC0-301F-11D3-BF4B-00C04F79EFBC}") = "Inventory.Contracts", "src\Modules\Inventory\Inventory.Contracts\Inventory.Contracts.csproj", "{C3D4E5F6-A7B8-4C5D-0E1F-2A3B4C5D6E7F}"
EndProject
Project("{FAE04EC0-301F-11D3-BF4B-00C04F79EFBC}") = "Inventory.Application", "src\Modules\Inventory\Inventory.Application\Inventory.Application.csproj", "{D4E5F6A7-B8C9-4D5E-1F2A-3B4C5D6E7F8A}"
EndProject
Project("{FAE04EC0-301F-11D3-BF4B-00C04F79EFBC}") = "Inventory.Infrastructure", "src\Modules\Inventory\Inventory.Infrastructure\Inventory.Infrastructure.csproj", "{E5F6A7B8-C9D0-4E5F-2A3B-4C5D6E7F8A9B}"
EndProject
Project("{FAE04EC0-301F-11D3-BF4B-00C04F79EFBC}") = "Inventory.UI", "src\Modules\Inventory\Inventory.UI\Inventory.UI.csproj", "{F6A7B8C9-D0E1-4F5A-3B4C-5D6E7F8A9B0C}"
EndProject
Project("{FAE04EC0-301F-11D3-BF4B-00C04F79EFBC}") = "Inventory.Tests", "tests\Inventory.Tests\Inventory.Tests.csproj", "{A7B8C9D0-E1F2-4A5B-4C5D-6E7F8A9B0C1D}"
EndProject
Project("{2150E333-8FDC-42A3-9474-1A3956D46DE8}") = "Sales", "Sales", "{B8C9D0E1-F2A3-4B5C-6D7E-8F9A0B1C2D3E}"
EndProject
Project("{FAE04EC0-301F-11D3-BF4B-00C04F79EFBC}") = "Sales.Domain", "src\Modules\Sales\Sales.Domain\Sales.Domain.csproj", "{C9D0E1F2-A3B4-4C5D-7E8F-9A0B1C2D3E4F}"
EndProject
Project("{FAE04EC0-301F-11D3-BF4B-00C04F79EFBC}") = "Sales.Contracts", "src\Modules\Sales\Sales.Contracts\Sales.Contracts.csproj", "{D0E1F2A3-B4C5-4D5E-8F9A-0B1C2D3E4F5A}"
EndProject
Project("{FAE04EC0-301F-11D3-BF4B-00C04F79EFBC}") = "Sales.Application", "src\Modules\Sales\Sales.Application\Sales.Application.csproj", "{E1F2A3B4-C5D6-4E5F-9A0B-1C2D3E4F5A6B}"
EndProject
Project("{FAE04EC0-301F-11D3-BF4B-00C04F79EFBC}") = "Sales.Infrastructure", "src\Modules\Sales\Sales.Infrastructure\Sales.Infrastructure.csproj", "{F2A3B4C5-D6E7-4F5A-0B1C-2D3E4F5A6B7C}"
EndProject
Project("{FAE04EC0-301F-11D3-BF4B-00C04F79EFBC}") = "Sales.UI", "src\Modules\Sales\Sales.UI\Sales.UI.csproj", "{A3B4C5D6-E7F8-4A5B-1C2D-3E4F5A6B7C8D}"
EndProject
Project("{FAE04EC0-301F-11D3-BF4B-00C04F79EFBC}") = "Sales.Tests", "tests\Sales.Tests\Sales.Tests.csproj", "{B4C5D6E7-F8A9-4B5C-2D3E-4F5A6B7C8D9E}"
EndProject
Global
	GlobalSection(SolutionConfigurationPlatforms) = preSolution
		Debug|Any CPU = Debug|Any CPU
		Debug|x64 = Debug|x64
		Debug|x86 = Debug|x86
		Release|Any CPU = Release|Any CPU
		Release|x64 = Release|x64
		Release|x86 = Release|x86
	EndGlobalSection
	GlobalSection(ProjectConfigurationPlatforms) = postSolution
		{1A7D1DFF-DC6F-4439-A1CA-C4F4152B6B90}.Debug|Any CPU.ActiveCfg = Debug|Any CPU
		{1A7D1DFF-DC6F-4439-A1CA-C4F4152B6B90}.Debug|Any CPU.Build.0 = Debug|Any CPU
		{1A7D1DFF-DC6F-4439-A1CA-C4F4152B6B90}.Debug|x64.ActiveCfg = Debug|Any CPU
		{1A7D1DFF-DC6F-4439-A1CA-C4F4152B6B90}.Debug|x64.Build.0 = Debug|Any CPU
		{1A7D1DFF-DC6F-4439-A1CA-C4F4152B6B90}.Debug|x86.ActiveCfg = Debug|Any CPU
		{1A7D1DFF-DC6F-4439-A1CA-C4F4152B6B90}.Debug|x86.Build.0 = Debug|Any CPU
		{1A7D1DFF-DC6F-4439-A1CA-C4F4152B6B90}.Release|Any CPU.ActiveCfg = Release|Any CPU
		{1A7D1DFF-DC6F-4439-A1CA-C4F4152B6B90}.Release|Any CPU.Build.0 = Release|Any CPU
		{1A7D1DFF-DC6F-4439-A1CA-C4F4152B6B90}.Release|x64.ActiveCfg = Release|Any CPU
		{1A7D1DFF-DC6F-4439-A1CA-C4F4152B6B90}.Release|x64.Build.0 = Release|Any CPU
		{1A7D1DFF-DC6F-4439-A1CA-C4F4152B6B90}.Release|x86.ActiveCfg = Release|Any CPU
		{1A7D1DFF-DC6F-4439-A1CA-C4F4152B6B90}.Release|x86.Build.0 = Release|Any CPU
		{D370BC39-A501-46F4-AE32-4F3AD5252C60}.Debug|Any CPU.ActiveCfg = Debug|Any CPU
		{D370BC39-A501-46F4-AE32-4F3AD5252C60}.Debug|Any CPU.Build.0 = Debug|Any CPU
		{D370BC39-A501-46F4-AE32-4F3AD5252C60}.Debug|x64.ActiveCfg = Debug|Any CPU
		{D370BC39-A501-46F4-AE32-4F3AD5252C60}.Debug|x64.Build.0 = Debug|Any CPU
		{D370BC39-A501-46F4-AE32-4F3AD5252C60}.Debug|x86.ActiveCfg = Debug|Any CPU
		{D370BC39-A501-46F4-AE32-4F3AD5252C60}.Debug|x86.Build.0 = Debug|Any CPU
		{D370BC39-A501-46F4-AE32-4F3AD5252C60}.Release|Any CPU.ActiveCfg = Release|Any CPU
		{D370BC39-A501-46F4-AE32-4F3AD5252C60}.Release|Any CPU.Build.0 = Release|Any CPU
		{D370BC39-A501-46F4-AE32-4F3AD5252C60}.Release|x64.ActiveCfg = Release|Any CPU
		{D370BC39-A501-46F4-AE32-4F3AD5252C60}.Release|x64.Build.0 = Release|Any CPU
		{D370BC39-A501-46F4-AE32-4F3AD5252C60}.Release|x86.ActiveCfg = Release|Any CPU
		{D370BC39-A501-46F4-AE32-4F3AD5252C60}.Release|x86.Build.0 = Release|Any CPU
		{DB33128E-87CC-4849-A3D8-A4A5ECCBF154}.Debug|Any CPU.ActiveCfg = Debug|Any CPU
		{DB33128E-87CC-4849-A3D8-A4A5ECCBF154}.Debug|Any CPU.Build.0 = Debug|Any CPU
		{DB33128E-87CC-4849-A3D8-A4A5ECCBF154}.Debug|x64.ActiveCfg = Debug|Any CPU
		{DB33128E-87CC-4849-A3D8-A4A5ECCBF154}.Debug|x64.Build.0 = Debug|Any CPU
		{DB33128E-87CC-4849-A3D8-A4A5ECCBF154}.Debug|x86.ActiveCfg = Debug|Any CPU
		{DB33128E-87CC-4849-A3D8-A4A5ECCBF154}.Debug|x86.Build.0 = Debug|Any CPU
		{DB33128E-87CC-4849-A3D8-A4A5ECCBF154}.Release|Any CPU.ActiveCfg = Release|Any CPU
		{DB33128E-87CC-4849-A3D8-A4A5ECCBF154}.Release|Any CPU.Build.0 = Release|Any CPU
		{DB33128E-87CC-4849-A3D8-A4A5ECCBF154}.Release|x64.ActiveCfg = Release|Any CPU
		{DB33128E-87CC-4849-A3D8-A4A5ECCBF154}.Release|x64.Build.0 = Release|Any CPU
		{DB33128E-87CC-4849-A3D8-A4A5ECCBF154}.Release|x86.ActiveCfg = Release|Any CPU
		{DB33128E-87CC-4849-A3D8-A4A5ECCBF154}.Release|x86.Build.0 = Release|Any CPU
		{6133773C-CAC3-41EA-8023-6B6EA2C4E50F}.Debug|Any CPU.ActiveCfg = Debug|Any CPU
		{6133773C-CAC3-41EA-8023-6B6EA2C4E50F}.Debug|Any CPU.Build.0 = Debug|Any CPU
		{6133773C-CAC3-41EA-8023-6B6EA2C4E50F}.Debug|x64.ActiveCfg = Debug|Any CPU
		{6133773C-CAC3-41EA-8023-6B6EA2C4E50F}.Debug|x64.Build.0 = Debug|Any CPU
		{6133773C-CAC3-41EA-8023-6B6EA2C4E50F}.Debug|x86.ActiveCfg = Debug|Any CPU
		{6133773C-CAC3-41EA-8023-6B6EA2C4E50F}.Debug|x86.Build.0 = Debug|Any CPU
		{6133773C-CAC3-41EA-8023-6B6EA2C4E50F}.Release|Any CPU.ActiveCfg = Release|Any CPU
		{6133773C-CAC3-41EA-8023-6B6EA2C4E50F}.Release|Any CPU.Build.0 = Release|Any CPU
		{6133773C-CAC3-41EA-8023-6B6EA2C4E50F}.Release|x64.ActiveCfg = Release|Any CPU
		{6133773C-CAC3-41EA-8023-6B6EA2C4E50F}.Release|x64.Build.0 = Release|Any CPU
		{6133773C-CAC3-41EA-8023-6B6EA2C4E50F}.Release|x86.ActiveCfg = Release|Any CPU
		{6133773C-CAC3-41EA-8023-6B6EA2C4E50F}.Release|x86.Build.0 = Release|Any CPU
		{8AD0807E-09EC-4C9D-BFCD-6201451D82EE}.Debug|Any CPU.ActiveCfg = Debug|Any CPU
		{8AD0807E-09EC-4C9D-BFCD-6201451D82EE}.Debug|Any CPU.Build.0 = Debug|Any CPU
		{8AD0807E-09EC-4C9D-BFCD-6201451D82EE}.Debug|x64.ActiveCfg = Debug|Any CPU
		{8AD0807E-09EC-4C9D-BFCD-6201451D82EE}.Debug|x64.Build.0 = Debug|Any CPU
		{8AD0807E-09EC-4C9D-BFCD-6201451D82EE}.Debug|x86.ActiveCfg = Debug|Any CPU
		{8AD0807E-09EC-4C9D-BFCD-6201451D82EE}.Debug|x86.Build.0 = Debug|Any CPU
		{8AD0807E-09EC-4C9D-BFCD-6201451D82EE}.Release|Any CPU.ActiveCfg = Release|Any CPU
		{8AD0807E-09EC-4C9D-BFCD-6201451D82EE}.Release|Any CPU.Build.0 = Release|Any CPU
		{8AD0807E-09EC-4C9D-BFCD-6201451D82EE}.Release|x64.ActiveCfg = Release|Any CPU
		{8AD0807E-09EC-4C9D-BFCD-6201451D82EE}.Release|x64.Build.0 = Release|Any CPU
		{8AD0807E-09EC-4C9D-BFCD-6201451D82EE}.Release|x86.ActiveCfg = Release|Any CPU
		{8AD0807E-09EC-4C9D-BFCD-6201451D82EE}.Release|x86.Build.0 = Release|Any CPU
		{F70FDF6E-62E0-488C-B781-284C73D38DDE}.Debug|Any CPU.ActiveCfg = Debug|Any CPU
		{F70FDF6E-62E0-488C-B781-284C73D38DDE}.Debug|Any CPU.Build.0 = Debug|Any CPU
		{F70FDF6E-62E0-488C-B781-284C73D38DDE}.Debug|x64.ActiveCfg = Debug|Any CPU
		{F70FDF6E-62E0-488C-B781-284C73D38DDE}.Debug|x64.Build.0 = Debug|Any CPU
		{F70FDF6E-62E0-488C-B781-284C73D38DDE}.Debug|x86.ActiveCfg = Debug|Any CPU
		{F70FDF6E-62E0-488C-B781-284C73D38DDE}.Debug|x86.Build.0 = Debug|Any CPU
		{F70FDF6E-62E0-488C-B781-284C73D38DDE}.Release|Any CPU.ActiveCfg = Release|Any CPU
		{F70FDF6E-62E0-488C-B781-284C73D38DDE}.Release|Any CPU.Build.0 = Release|Any CPU
		{F70FDF6E-62E0-488C-B781-284C73D38DDE}.Release|x64.ActiveCfg = Release|Any CPU
		{F70FDF6E-62E0-488C-B781-284C73D38DDE}.Release|x64.Build.0 = Release|Any CPU
		{F70FDF6E-62E0-488C-B781-284C73D38DDE}.Release|x86.ActiveCfg = Release|Any CPU
		{F70FDF6E-62E0-488C-B781-284C73D38DDE}.Release|x86.Build.0 = Release|Any CPU
		{9677EDEE-A2B3-4EE0-9341-3BF02731CDCA}.Debug|Any CPU.ActiveCfg = Debug|Any CPU
		{9677EDEE-A2B3-4EE0-9341-3BF02731CDCA}.Debug|Any CPU.Build.0 = Debug|Any CPU
		{9677EDEE-A2B3-4EE0-9341-3BF02731CDCA}.Debug|x64.ActiveCfg = Debug|Any CPU
		{9677EDEE-A2B3-4EE0-9341-3BF02731CDCA}.Debug|x64.Build.0 = Debug|Any CPU
		{9677EDEE-A2B3-4EE0-9341-3BF02731CDCA}.Debug|x86.ActiveCfg = Debug|Any CPU
		{9677EDEE-A2B3-4EE0-9341-3BF02731CDCA}.Debug|x86.Build.0 = Debug|Any CPU
		{9677EDEE-A2B3-4EE0-9341-3BF02731CDCA}.Release|Any CPU.ActiveCfg = Release|Any CPU
		{9677EDEE-A2B3-4EE0-9341-3BF02731CDCA}.Release|Any CPU.Build.0 = Release|Any CPU
		{9677EDEE-A2B3-4EE0-9341-3BF02731CDCA}.Release|x64.ActiveCfg = Release|Any CPU
		{9677EDEE-A2B3-4EE0-9341-3BF02731CDCA}.Release|x64.Build.0 = Release|Any CPU
		{9677EDEE-A2B3-4EE0-9341-3BF02731CDCA}.Release|x86.ActiveCfg = Release|Any CPU
		{9677EDEE-A2B3-4EE0-9341-3BF02731CDCA}.Release|x86.Build.0 = Release|Any CPU
		{75555A63-6A3B-474C-A701-CBB322860C50}.Debug|Any CPU.ActiveCfg = Debug|Any CPU
		{75555A63-6A3B-474C-A701-CBB322860C50}.Debug|Any CPU.Build.0 = Debug|Any CPU
		{75555A63-6A3B-474C-A701-CBB322860C50}.Debug|x64.ActiveCfg = Debug|Any CPU
		{75555A63-6A3B-474C-A701-CBB322860C50}.Debug|x64.Build.0 = Debug|Any CPU
		{75555A63-6A3B-474C-A701-CBB322860C50}.Debug|x86.ActiveCfg = Debug|Any CPU
		{75555A63-6A3B-474C-A701-CBB322860C50}.Debug|x86.Build.0 = Debug|Any CPU
		{75555A63-6A3B-474C-A701-CBB322860C50}.Release|Any CPU.ActiveCfg = Release|Any CPU
		{75555A63-6A3B-474C-A701-CBB322860C50}.Release|Any CPU.Build.0 = Release|Any CPU
		{75555A63-6A3B-474C-A701-CBB322860C50}.Release|x64.ActiveCfg = Release|Any CPU
		{75555A63-6A3B-474C-A701-CBB322860C50}.Release|x64.Build.0 = Release|Any CPU
		{75555A63-6A3B-474C-A701-CBB322860C50}.Release|x86.ActiveCfg = Release|Any CPU
		{75555A63-6A3B-474C-A701-CBB322860C50}.Release|x86.Build.0 = Release|Any CPU
		{C27A8792-5A39-4B5D-B509-02727F76A9E2}.Debug|Any CPU.ActiveCfg = Debug|Any CPU
		{C27A8792-5A39-4B5D-B509-02727F76A9E2}.Debug|Any CPU.Build.0 = Debug|Any CPU
		{C27A8792-5A39-4B5D-B509-02727F76A9E2}.Debug|x64.ActiveCfg = Debug|Any CPU
		{C27A8792-5A39-4B5D-B509-02727F76A9E2}.Debug|x64.Build.0 = Debug|Any CPU
		{C27A8792-5A39-4B5D-B509-02727F76A9E2}.Debug|x86.ActiveCfg = Debug|Any CPU
		{C27A8792-5A39-4B5D-B509-02727F76A9E2}.Debug|x86.Build.0 = Debug|Any CPU
		{C27A8792-5A39-4B5D-B509-02727F76A9E2}.Release|Any CPU.ActiveCfg = Release|Any CPU
		{C27A8792-5A39-4B5D-B509-02727F76A9E2}.Release|Any CPU.Build.0 = Release|Any CPU
		{C27A8792-5A39-4B5D-B509-02727F76A9E2}.Release|x64.ActiveCfg = Release|Any CPU
		{C27A8792-5A39-4B5D-B509-02727F76A9E2}.Release|x64.Build.0 = Release|Any CPU
		{C27A8792-5A39-4B5D-B509-02727F76A9E2}.Release|x86.ActiveCfg = Release|Any CPU
		{C27A8792-5A39-4B5D-B509-02727F76A9E2}.Release|x86.Build.0 = Release|Any CPU
		{489171DD-B59B-420A-9699-AA05895C3D30}.Debug|Any CPU.ActiveCfg = Debug|Any CPU
		{489171DD-B59B-420A-9699-AA05895C3D30}.Debug|Any CPU.Build.0 = Debug|Any CPU
		{489171DD-B59B-420A-9699-AA05895C3D30}.Debug|x64.ActiveCfg = Debug|Any CPU
		{489171DD-B59B-420A-9699-AA05895C3D30}.Debug|x64.Build.0 = Debug|Any CPU
		{489171DD-B59B-420A-9699-AA05895C3D30}.Debug|x86.ActiveCfg = Debug|Any CPU
		{489171DD-B59B-420A-9699-AA05895C3D30}.Debug|x86.Build.0 = Debug|Any CPU
		{489171DD-B59B-420A-9699-AA05895C3D30}.Release|Any CPU.ActiveCfg = Release|Any CPU
		{489171DD-B59B-420A-9699-AA05895C3D30}.Release|Any CPU.Build.0 = Release|Any CPU
		{489171DD-B59B-420A-9699-AA05895C3D30}.Release|x64.ActiveCfg = Release|Any CPU
		{489171DD-B59B-420A-9699-AA05895C3D30}.Release|x64.Build.0 = Release|Any CPU
		{489171DD-B59B-420A-9699-AA05895C3D30}.Release|x86.ActiveCfg = Release|Any CPU
		{489171DD-B59B-420A-9699-AA05895C3D30}.Release|x86.Build.0 = Release|Any CPU
		{D912A323-ED1C-4538-99EA-3C98A648B17F}.Debug|Any CPU.ActiveCfg = Debug|Any CPU
		{D912A323-ED1C-4538-99EA-3C98A648B17F}.Debug|Any CPU.Build.0 = Debug|Any CPU
		{D912A323-ED1C-4538-99EA-3C98A648B17F}.Debug|x64.ActiveCfg = Debug|Any CPU
		{D912A323-ED1C-4538-99EA-3C98A648B17F}.Debug|x64.Build.0 = Debug|Any CPU
		{D912A323-ED1C-4538-99EA-3C98A648B17F}.Debug|x86.ActiveCfg = Debug|Any CPU
		{D912A323-ED1C-4538-99EA-3C98A648B17F}.Debug|x86.Build.0 = Debug|Any CPU
		{D912A323-ED1C-4538-99EA-3C98A648B17F}.Release|Any CPU.ActiveCfg = Release|Any CPU
		{D912A323-ED1C-4538-99EA-3C98A648B17F}.Release|Any CPU.Build.0 = Release|Any CPU
		{D912A323-ED1C-4538-99EA-3C98A648B17F}.Release|x64.ActiveCfg = Release|Any CPU
		{D912A323-ED1C-4538-99EA-3C98A648B17F}.Release|x64.Build.0 = Release|Any CPU
		{D912A323-ED1C-4538-99EA-3C98A648B17F}.Release|x86.ActiveCfg = Release|Any CPU
		{D912A323-ED1C-4538-99EA-3C98A648B17F}.Release|x86.Build.0 = Release|Any CPU
		{A731180D-FE06-463D-934C-0E7F51D80889}.Debug|Any CPU.ActiveCfg = Debug|Any CPU
		{A731180D-FE06-463D-934C-0E7F51D80889}.Debug|Any CPU.Build.0 = Debug|Any CPU
		{A731180D-FE06-463D-934C-0E7F51D80889}.Debug|x64.ActiveCfg = Debug|Any CPU
		{A731180D-FE06-463D-934C-0E7F51D80889}.Debug|x64.Build.0 = Debug|Any CPU
		{A731180D-FE06-463D-934C-0E7F51D80889}.Debug|x86.ActiveCfg = Debug|Any CPU
		{A731180D-FE06-463D-934C-0E7F51D80889}.Debug|x86.Build.0 = Debug|Any CPU
		{A731180D-FE06-463D-934C-0E7F51D80889}.Release|Any CPU.ActiveCfg = Release|Any CPU
		{A731180D-FE06-463D-934C-0E7F51D80889}.Release|Any CPU.Build.0 = Release|Any CPU
		{A731180D-FE06-463D-934C-0E7F51D80889}.Release|x64.ActiveCfg = Release|Any CPU
		{A731180D-FE06-463D-934C-0E7F51D80889}.Release|x64.Build.0 = Release|Any CPU
		{A731180D-FE06-463D-934C-0E7F51D80889}.Release|x86.ActiveCfg = Release|Any CPU
		{A731180D-FE06-463D-934C-0E7F51D80889}.Release|x86.Build.0 = Release|Any CPU
		{0FCFA057-53D9-4A06-AC42-3A0FA6412ADF}.Debug|Any CPU.ActiveCfg = Debug|Any CPU
		{0FCFA057-53D9-4A06-AC42-3A0FA6412ADF}.Debug|Any CPU.Build.0 = Debug|Any CPU
		{0FCFA057-53D9-4A06-AC42-3A0FA6412ADF}.Debug|x64.ActiveCfg = Debug|Any CPU
		{0FCFA057-53D9-4A06-AC42-3A0FA6412ADF}.Debug|x64.Build.0 = Debug|Any CPU
		{0FCFA057-53D9-4A06-AC42-3A0FA6412ADF}.Debug|x86.ActiveCfg = Debug|Any CPU
		{0FCFA057-53D9-4A06-AC42-3A0FA6412ADF}.Debug|x86.Build.0 = Debug|Any CPU
		{0FCFA057-53D9-4A06-AC42-3A0FA6412ADF}.Release|Any CPU.ActiveCfg = Release|Any CPU
		{0FCFA057-53D9-4A06-AC42-3A0FA6412ADF}.Release|Any CPU.Build.0 = Release|Any CPU
		{0FCFA057-53D9-4A06-AC42-3A0FA6412ADF}.Release|x64.ActiveCfg = Release|Any CPU
		{0FCFA057-53D9-4A06-AC42-3A0FA6412ADF}.Release|x64.Build.0 = Release|Any CPU
		{0FCFA057-53D9-4A06-AC42-3A0FA6412ADF}.Release|x86.ActiveCfg = Release|Any CPU
		{0FCFA057-53D9-4A06-AC42-3A0FA6412ADF}.Release|x86.Build.0 = Release|Any CPU
		{9CBFDA19-A788-4511-8A47-5AAEEF44CFB3}.Debug|Any CPU.ActiveCfg = Debug|Any CPU
		{9CBFDA19-A788-4511-8A47-5AAEEF44CFB3}.Debug|Any CPU.Build.0 = Debug|Any CPU
		{9CBFDA19-A788-4511-8A47-5AAEEF44CFB3}.Debug|x64.ActiveCfg = Debug|Any CPU
		{9CBFDA19-A788-4511-8A47-5AAEEF44CFB3}.Debug|x64.Build.0 = Debug|Any CPU
		{9CBFDA19-A788-4511-8A47-5AAEEF44CFB3}.Debug|x86.ActiveCfg = Debug|Any CPU
		{9CBFDA19-A788-4511-8A47-5AAEEF44CFB3}.Debug|x86.Build.0 = Debug|Any CPU
		{9CBFDA19-A788-4511-8A47-5AAEEF44CFB3}.Release|Any CPU.ActiveCfg = Release|Any CPU
		{9CBFDA19-A788-4511-8A47-5AAEEF44CFB3}.Release|Any CPU.Build.0 = Release|Any CPU
		{9CBFDA19-A788-4511-8A47-5AAEEF44CFB3}.Release|x64.ActiveCfg = Release|Any CPU
		{9CBFDA19-A788-4511-8A47-5AAEEF44CFB3}.Release|x64.Build.0 = Release|Any CPU
		{9CBFDA19-A788-4511-8A47-5AAEEF44CFB3}.Release|x86.ActiveCfg = Release|Any CPU
		{9CBFDA19-A788-4511-8A47-5AAEEF44CFB3}.Release|x86.Build.0 = Release|Any CPU
		{2E99B5A2-CDCB-4878-9B1F-A17E8CB08F87}.Debug|Any CPU.ActiveCfg = Debug|Any CPU
		{2E99B5A2-CDCB-4878-9B1F-A17E8CB08F87}.Debug|Any CPU.Build.0 = Debug|Any CPU
		{2E99B5A2-CDCB-4878-9B1F-A17E8CB08F87}.Debug|x64.ActiveCfg = Debug|Any CPU
		{2E99B5A2-CDCB-4878-9B1F-A17E8CB08F87}.Debug|x64.Build.0 = Debug|Any CPU
		{2E99B5A2-CDCB-4878-9B1F-A17E8CB08F87}.Debug|x86.ActiveCfg = Debug|Any CPU
		{2E99B5A2-CDCB-4878-9B1F-A17E8CB08F87}.Debug|x86.Build.0 = Debug|Any CPU
		{2E99B5A2-CDCB-4878-9B1F-A17E8CB08F87}.Release|Any CPU.ActiveCfg = Release|Any CPU
		{2E99B5A2-CDCB-4878-9B1F-A17E8CB08F87}.Release|Any CPU.Build.0 = Release|Any CPU
		{2E99B5A2-CDCB-4878-9B1F-A17E8CB08F87}.Release|x64.ActiveCfg = Release|Any CPU
		{2E99B5A2-CDCB-4878-9B1F-A17E8CB08F87}.Release|x64.Build.0 = Release|Any CPU
		{2E99B5A2-CDCB-4878-9B1F-A17E8CB08F87}.Release|x86.ActiveCfg = Release|Any CPU
		{2E99B5A2-CDCB-4878-9B1F-A17E8CB08F87}.Release|x86.Build.0 = Release|Any CPU
		{FABF5F0A-861C-4D5C-89F2-216CFB39177A}.Debug|Any CPU.ActiveCfg = Debug|Any CPU
		{FABF5F0A-861C-4D5C-89F2-216CFB39177A}.Debug|Any CPU.Build.0 = Debug|Any CPU
		{FABF5F0A-861C-4D5C-89F2-216CFB39177A}.Debug|x64.ActiveCfg = Debug|Any CPU
		{FABF5F0A-861C-4D5C-89F2-216CFB39177A}.Debug|x64.Build.0 = Debug|Any CPU
		{FABF5F0A-861C-4D5C-89F2-216CFB39177A}.Debug|x86.ActiveCfg = Debug|Any CPU
		{FABF5F0A-861C-4D5C-89F2-216CFB39177A}.Debug|x86.Build.0 = Debug|Any CPU
		{FABF5F0A-861C-4D5C-89F2-216CFB39177A}.Release|Any CPU.ActiveCfg = Release|Any CPU
		{FABF5F0A-861C-4D5C-89F2-216CFB39177A}.Release|Any CPU.Build.0 = Release|Any CPU
		{FABF5F0A-861C-4D5C-89F2-216CFB39177A}.Release|x64.ActiveCfg = Release|Any CPU
		{FABF5F0A-861C-4D5C-89F2-216CFB39177A}.Release|x64.Build.0 = Release|Any CPU
		{FABF5F0A-861C-4D5C-89F2-216CFB39177A}.Release|x86.ActiveCfg = Release|Any CPU
		{FABF5F0A-861C-4D5C-89F2-216CFB39177A}.Release|x86.Build.0 = Release|Any CPU
		{29FE21E1-ACAE-4DE6-9342-A86260CA64D2}.Debug|Any CPU.ActiveCfg = Debug|Any CPU
		{29FE21E1-ACAE-4DE6-9342-A86260CA64D2}.Debug|Any CPU.Build.0 = Debug|Any CPU
		{29FE21E1-ACAE-4DE6-9342-A86260CA64D2}.Debug|x64.ActiveCfg = Debug|Any CPU
		{29FE21E1-ACAE-4DE6-9342-A86260CA64D2}.Debug|x64.Build.0 = Debug|Any CPU
		{29FE21E1-ACAE-4DE6-9342-A86260CA64D2}.Debug|x86.ActiveCfg = Debug|Any CPU
		{29FE21E1-ACAE-4DE6-9342-A86260CA64D2}.Debug|x86.Build.0 = Debug|Any CPU
		{29FE21E1-ACAE-4DE6-9342-A86260CA64D2}.Release|Any CPU.ActiveCfg = Release|Any CPU
		{29FE21E1-ACAE-4DE6-9342-A86260CA64D2}.Release|Any CPU.Build.0 = Release|Any CPU
		{29FE21E1-ACAE-4DE6-9342-A86260CA64D2}.Release|x64.ActiveCfg = Release|Any CPU
		{29FE21E1-ACAE-4DE6-9342-A86260CA64D2}.Release|x64.Build.0 = Release|Any CPU
		{29FE21E1-ACAE-4DE6-9342-A86260CA64D2}.Release|x86.ActiveCfg = Release|Any CPU
		{29FE21E1-ACAE-4DE6-9342-A86260CA64D2}.Release|x86.Build.0 = Release|Any CPU
		{FCC583BB-F288-48CF-B7CB-197F631DD820}.Debug|Any CPU.ActiveCfg = Debug|Any CPU
		{FCC583BB-F288-48CF-B7CB-197F631DD820}.Debug|Any CPU.Build.0 = Debug|Any CPU
		{FCC583BB-F288-48CF-B7CB-197F631DD820}.Debug|x64.ActiveCfg = Debug|Any CPU
		{FCC583BB-F288-48CF-B7CB-197F631DD820}.Debug|x64.Build.0 = Debug|Any CPU
		{FCC583BB-F288-48CF-B7CB-197F631DD820}.Debug|x86.ActiveCfg = Debug|Any CPU
		{FCC583BB-F288-48CF-B7CB-197F631DD820}.Debug|x86.Build.0 = Debug|Any CPU
		{FCC583BB-F288-48CF-B7CB-197F631DD820}.Release|Any CPU.ActiveCfg = Release|Any CPU
		{FCC583BB-F288-48CF-B7CB-197F631DD820}.Release|Any CPU.Build.0 = Release|Any CPU
		{FCC583BB-F288-48CF-B7CB-197F631DD820}.Release|x64.ActiveCfg = Release|Any CPU
		{FCC583BB-F288-48CF-B7CB-197F631DD820}.Release|x64.Build.0 = Release|Any CPU
		{FCC583BB-F288-48CF-B7CB-197F631DD820}.Release|x86.ActiveCfg = Release|Any CPU
		{FCC583BB-F288-48CF-B7CB-197F631DD820}.Release|x86.Build.0 = Release|Any CPU
		{B2C3D4E5-F6A7-4B5C-9D0E-1F2A3B4C5D6E}.Debug|Any CPU.ActiveCfg = Debug|Any CPU
		{B2C3D4E5-F6A7-4B5C-9D0E-1F2A3B4C5D6E}.Debug|Any CPU.Build.0 = Debug|Any CPU
		{B2C3D4E5-F6A7-4B5C-9D0E-1F2A3B4C5D6E}.Debug|x64.ActiveCfg = Debug|Any CPU
		{B2C3D4E5-F6A7-4B5C-9D0E-1F2A3B4C5D6E}.Debug|x64.Build.0 = Debug|Any CPU
		{B2C3D4E5-F6A7-4B5C-9D0E-1F2A3B4C5D6E}.Debug|x86.ActiveCfg = Debug|Any CPU
		{B2C3D4E5-F6A7-4B5C-9D0E-1F2A3B4C5D6E}.Debug|x86.Build.0 = Debug|Any CPU
		{B2C3D4E5-F6A7-4B5C-9D0E-1F2A3B4C5D6E}.Release|Any CPU.ActiveCfg = Release|Any CPU
		{B2C3D4E5-F6A7-4B5C-9D0E-1F2A3B4C5D6E}.Release|Any CPU.Build.0 = Release|Any CPU
		{B2C3D4E5-F6A7-4B5C-9D0E-1F2A3B4C5D6E}.Release|x64.ActiveCfg = Release|Any CPU
		{B2C3D4E5-F6A7-4B5C-9D0E-1F2A3B4C5D6E}.Release|x64.Build.0 = Release|Any CPU
		{B2C3D4E5-F6A7-4B5C-9D0E-1F2A3B4C5D6E}.Release|x86.ActiveCfg = Release|Any CPU
		{B2C3D4E5-F6A7-4B5C-9D0E-1F2A3B4C5D6E}.Release|x86.Build.0 = Release|Any CPU
		{C3D4E5F6-A7B8-4C5D-0E1F-2A3B4C5D6E7F}.Debug|Any CPU.ActiveCfg = Debug|Any CPU
		{C3D4E5F6-A7B8-4C5D-0E1F-2A3B4C5D6E7F}.Debug|Any CPU.Build.0 = Debug|Any CPU
		{C3D4E5F6-A7B8-4C5D-0E1F-2A3B4C5D6E7F}.Debug|x64.ActiveCfg = Debug|Any CPU
		{C3D4E5F6-A7B8-4C5D-0E1F-2A3B4C5D6E7F}.Debug|x64.Build.0 = Debug|Any CPU
		{C3D4E5F6-A7B8-4C5D-0E1F-2A3B4C5D6E7F}.Debug|x86.ActiveCfg = Debug|Any CPU
		{C3D4E5F6-A7B8-4C5D-0E1F-2A3B4C5D6E7F}.Debug|x86.Build.0 = Debug|Any CPU
		{C3D4E5F6-A7B8-4C5D-0E1F-2A3B4C5D6E7F}.Release|Any CPU.ActiveCfg = Release|Any CPU
		{C3D4E5F6-A7B8-4C5D-0E1F-2A3B4C5D6E7F}.Release|Any CPU.Build.0 = Release|Any CPU
		{C3D4E5F6-A7B8-4C5D-0E1F-2A3B4C5D6E7F}.Release|x64.ActiveCfg = Release|Any CPU
		{C3D4E5F6-A7B8-4C5D-0E1F-2A3B4C5D6E7F}.Release|x64.Build.0 = Release|Any CPU
		{C3D4E5F6-A7B8-4C5D-0E1F-2A3B4C5D6E7F}.Release|x86.ActiveCfg = Release|Any CPU
		{C3D4E5F6-A7B8-4C5D-0E1F-2A3B4C5D6E7F}.Release|x86.Build.0 = Release|Any CPU
		{D4E5F6A7-B8C9-4D5E-1F2A-3B4C5D6E7F8A}.Debug|Any CPU.ActiveCfg = Debug|Any CPU
		{D4E5F6A7-B8C9-4D5E-1F2A-3B4C5D6E7F8A}.Debug|Any CPU.Build.0 = Debug|Any CPU
		{D4E5F6A7-B8C9-4D5E-1F2A-3B4C5D6E7F8A}.Debug|x64.ActiveCfg = Debug|Any CPU
		{D4E5F6A7-B8C9-4D5E-1F2A-3B4C5D6E7F8A}.Debug|x64.Build.0 = Debug|Any CPU
		{D4E5F6A7-B8C9-4D5E-1F2A-3B4C5D6E7F8A}.Debug|x86.ActiveCfg = Debug|Any CPU
		{D4E5F6A7-B8C9-4D5E-1F2A-3B4C5D6E7F8A}.Debug|x86.Build.0 = Debug|Any CPU
		{D4E5F6A7-B8C9-4D5E-1F2A-3B4C5D6E7F8A}.Release|Any CPU.ActiveCfg = Release|Any CPU
		{D4E5F6A7-B8C9-4D5E-1F2A-3B4C5D6E7F8A}.Release|Any CPU.Build.0 = Release|Any CPU
		{D4E5F6A7-B8C9-4D5E-1F2A-3B4C5D6E7F8A}.Release|x64.ActiveCfg = Release|Any CPU
		{D4E5F6A7-B8C9-4D5E-1F2A-3B4C5D6E7F8A}.Release|x64.Build.0 = Release|Any CPU
		{D4E5F6A7-B8C9-4D5E-1F2A-3B4C5D6E7F8A}.Release|x86.ActiveCfg = Release|Any CPU
		{D4E5F6A7-B8C9-4D5E-1F2A-3B4C5D6E7F8A}.Release|x86.Build.0 = Release|Any CPU
		{E5F6A7B8-C9D0-4E5F-2A3B-4C5D6E7F8A9B}.Debug|Any CPU.ActiveCfg = Debug|Any CPU
		{E5F6A7B8-C9D0-4E5F-2A3B-4C5D6E7F8A9B}.Debug|Any CPU.Build.0 = Debug|Any CPU
		{E5F6A7B8-C9D0-4E5F-2A3B-4C5D6E7F8A9B}.Debug|x64.ActiveCfg = Debug|Any CPU
		{E5F6A7B8-C9D0-4E5F-2A3B-4C5D6E7F8A9B}.Debug|x64.Build.0 = Debug|Any CPU
		{E5F6A7B8-C9D0-4E5F-2A3B-4C5D6E7F8A9B}.Debug|x86.ActiveCfg = Debug|Any CPU
		{E5F6A7B8-C9D0-4E5F-2A3B-4C5D6E7F8A9B}.Debug|x86.Build.0 = Debug|Any CPU
		{E5F6A7B8-C9D0-4E5F-2A3B-4C5D6E7F8A9B}.Release|Any CPU.ActiveCfg = Release|Any CPU
		{E5F6A7B8-C9D0-4E5F-2A3B-4C5D6E7F8A9B}.Release|Any CPU.Build.0 = Release|Any CPU
		{E5F6A7B8-C9D0-4E5F-2A3B-4C5D6E7F8A9B}.Release|x64.ActiveCfg = Release|Any CPU
		{E5F6A7B8-C9D0-4E5F-2A3B-4C5D6E7F8A9B}.Release|x64.Build.0 = Release|Any CPU
		{E5F6A7B8-C9D0-4E5F-2A3B-4C5D6E7F8A9B}.Release|x86.ActiveCfg = Release|Any CPU
		{E5F6A7B8-C9D0-4E5F-2A3B-4C5D6E7F8A9B}.Release|x86.Build.0 = Release|Any CPU
		{F6A7B8C9-D0E1-4F5A-3B4C-5D6E7F8A9B0C}.Debug|Any CPU.ActiveCfg = Debug|Any CPU
		{F6A7B8C9-D0E1-4F5A-3B4C-5D6E7F8A9B0C}.Debug|Any CPU.Build.0 = Debug|Any CPU
		{F6A7B8C9-D0E1-4F5A-3B4C-5D6E7F8A9B0C}.Debug|x64.ActiveCfg = Debug|Any CPU
		{F6A7B8C9-D0E1-4F5A-3B4C-5D6E7F8A9B0C}.Debug|x64.Build.0 = Debug|Any CPU
		{F6A7B8C9-D0E1-4F5A-3B4C-5D6E7F8A9B0C}.Debug|x86.ActiveCfg = Debug|Any CPU
		{F6A7B8C9-D0E1-4F5A-3B4C-5D6E7F8A9B0C}.Debug|x86.Build.0 = Debug|Any CPU
		{F6A7B8C9-D0E1-4F5A-3B4C-5D6E7F8A9B0C}.Release|Any CPU.ActiveCfg = Release|Any CPU
		{F6A7B8C9-D0E1-4F5A-3B4C-5D6E7F8A9B0C}.Release|Any CPU.Build.0 = Release|Any CPU
		{F6A7B8C9-D0E1-4F5A-3B4C-5D6E7F8A9B0C}.Release|x64.ActiveCfg = Release|Any CPU
		{F6A7B8C9-D0E1-4F5A-3B4C-5D6E7F8A9B0C}.Release|x64.Build.0 = Release|Any CPU
		{F6A7B8C9-D0E1-4F5A-3B4C-5D6E7F8A9B0C}.Release|x86.ActiveCfg = Release|Any CPU
		{F6A7B8C9-D0E1-4F5A-3B4C-5D6E7F8A9B0C}.Release|x86.Build.0 = Release|Any CPU
		{A7B8C9D0-E1F2-4A5B-4C5D-6E7F8A9B0C1D}.Debug|Any CPU.ActiveCfg = Debug|Any CPU
		{A7B8C9D0-E1F2-4A5B-4C5D-6E7F8A9B0C1D}.Debug|Any CPU.Build.0 = Debug|Any CPU
		{A7B8C9D0-E1F2-4A5B-4C5D-6E7F8A9B0C1D}.Debug|x64.ActiveCfg = Debug|Any CPU
		{A7B8C9D0-E1F2-4A5B-4C5D-6E7F8A9B0C1D}.Debug|x64.Build.0 = Debug|Any CPU
		{A7B8C9D0-E1F2-4A5B-4C5D-6E7F8A9B0C1D}.Debug|x86.ActiveCfg = Debug|Any CPU
		{A7B8C9D0-E1F2-4A5B-4C5D-6E7F8A9B0C1D}.Debug|x86.Build.0 = Debug|Any CPU
		{A7B8C9D0-E1F2-4A5B-4C5D-6E7F8A9B0C1D}.Release|Any CPU.ActiveCfg = Release|Any CPU
		{A7B8C9D0-E1F2-4A5B-4C5D-6E7F8A9B0C1D}.Release|Any CPU.Build.0 = Release|Any CPU
		{A7B8C9D0-E1F2-4A5B-4C5D-6E7F8A9B0C1D}.Release|x64.ActiveCfg = Release|Any CPU
		{A7B8C9D0-E1F2-4A5B-4C5D-6E7F8A9B0C1D}.Release|x64.Build.0 = Release|Any CPU
		{A7B8C9D0-E1F2-4A5B-4C5D-6E7F8A9B0C1D}.Release|x86.ActiveCfg = Release|Any CPU
		{A7B8C9D0-E1F2-4A5B-4C5D-6E7F8A9B0C1D}.Release|x86.Build.0 = Release|Any CPU
		{C9D0E1F2-A3B4-4C5D-7E8F-9A0B1C2D3E4F}.Debug|Any CPU.ActiveCfg = Debug|Any CPU
		{C9D0E1F2-A3B4-4C5D-7E8F-9A0B1C2D3E4F}.Debug|Any CPU.Build.0 = Debug|Any CPU
		{C9D0E1F2-A3B4-4C5D-7E8F-9A0B1C2D3E4F}.Debug|x64.ActiveCfg = Debug|Any CPU
		{C9D0E1F2-A3B4-4C5D-7E8F-9A0B1C2D3E4F}.Debug|x86.ActiveCfg = Debug|Any CPU
		{C9D0E1F2-A3B4-4C5D-7E8F-9A0B1C2D3E4F}.Release|Any CPU.ActiveCfg = Release|Any CPU
		{C9D0E1F2-A3B4-4C5D-7E8F-9A0B1C2D3E4F}.Release|Any CPU.Build.0 = Release|Any CPU
		{C9D0E1F2-A3B4-4C5D-7E8F-9A0B1C2D3E4F}.Release|x64.ActiveCfg = Release|Any CPU
		{C9D0E1F2-A3B4-4C5D-7E8F-9A0B1C2D3E4F}.Release|x86.ActiveCfg = Release|Any CPU
		{D0E1F2A3-B4C5-4D5E-8F9A-0B1C2D3E4F5A}.Debug|Any CPU.ActiveCfg = Debug|Any CPU
		{D0E1F2A3-B4C5-4D5E-8F9A-0B1C2D3E4F5A}.Debug|Any CPU.Build.0 = Debug|Any CPU
		{D0E1F2A3-B4C5-4D5E-8F9A-0B1C2D3E4F5A}.Debug|x64.ActiveCfg = Debug|Any CPU
		{D0E1F2A3-B4C5-4D5E-8F9A-0B1C2D3E4F5A}.Debug|x86.ActiveCfg = Debug|Any CPU
		{D0E1F2A3-B4C5-4D5E-8F9A-0B1C2D3E4F5A}.Release|Any CPU.ActiveCfg = Release|Any CPU
		{D0E1F2A3-B4C5-4D5E-8F9A-0B1C2D3E4F5A}.Release|Any CPU.Build.0 = Release|Any CPU
		{D0E1F2A3-B4C5-4D5E-8F9A-0B1C2D3E4F5A}.Release|x64.ActiveCfg = Release|Any CPU
		{D0E1F2A3-B4C5-4D5E-8F9A-0B1C2D3E4F5A}.Release|x86.ActiveCfg = Release|Any CPU
		{E1F2A3B4-C5D6-4E5F-9A0B-1C2D3E4F5A6B}.Debug|Any CPU.ActiveCfg = Debug|Any CPU
		{E1F2A3B4-C5D6-4E5F-9A0B-1C2D3E4F5A6B}.Debug|Any CPU.Build.0 = Debug|Any CPU
		{E1F2A3B4-C5D6-4E5F-9A0B-1C2D3E4F5A6B}.Debug|x64.ActiveCfg = Debug|Any CPU
		{E1F2A3B4-C5D6-4E5F-9A0B-1C2D3E4F5A6B}.Debug|x86.ActiveCfg = Debug|Any CPU
		{E1F2A3B4-C5D6-4E5F-9A0B-1C2D3E4F5A6B}.Release|Any CPU.ActiveCfg = Release|Any CPU
		{E1F2A3B4-C5D6-4E5F-9A0B-1C2D3E4F5A6B}.Release|Any CPU.Build.0 = Release|Any CPU
		{E1F2A3B4-C5D6-4E5F-9A0B-1C2D3E4F5A6B}.Release|x64.ActiveCfg = Release|Any CPU
		{E1F2A3B4-C5D6-4E5F-9A0B-1C2D3E4F5A6B}.Release|x86.ActiveCfg = Release|Any CPU
		{F2A3B4C5-D6E7-4F5A-0B1C-2D3E4F5A6B7C}.Debug|Any CPU.ActiveCfg = Debug|Any CPU
		{F2A3B4C5-D6E7-4F5A-0B1C-2D3E4F5A6B7C}.Debug|Any CPU.Build.0 = Debug|Any CPU
		{F2A3B4C5-D6E7-4F5A-0B1C-2D3E4F5A6B7C}.Debug|x64.ActiveCfg = Debug|Any CPU
		{F2A3B4C5-D6E7-4F5A-0B1C-2D3E4F5A6B7C}.Debug|x86.ActiveCfg = Debug|Any CPU
		{F2A3B4C5-D6E7-4F5A-0B1C-2D3E4F5A6B7C}.Release|Any CPU.ActiveCfg = Release|Any CPU
		{F2A3B4C5-D6E7-4F5A-0B1C-2D3E4F5A6B7C}.Release|Any CPU.Build.0 = Release|Any CPU
		{F2A3B4C5-D6E7-4F5A-0B1C-2D3E4F5A6B7C}.Release|x64.ActiveCfg = Release|Any CPU
		{F2A3B4C5-D6E7-4F5A-0B1C-2D3E4F5A6B7C}.Release|x86.ActiveCfg = Release|Any CPU
		{A3B4C5D6-E7F8-4A5B-1C2D-3E4F5A6B7C8D}.Debug|Any CPU.ActiveCfg = Debug|Any CPU
		{A3B4C5D6-E7F8-4A5B-1C2D-3E4F5A6B7C8D}.Debug|Any CPU.Build.0 = Debug|Any CPU
		{A3B4C5D6-E7F8-4A5B-1C2D-3E4F5A6B7C8D}.Debug|x64.ActiveCfg = Debug|Any CPU
		{A3B4C5D6-E7F8-4A5B-1C2D-3E4F5A6B7C8D}.Debug|x86.ActiveCfg = Debug|Any CPU
		{A3B4C5D6-E7F8-4A5B-1C2D-3E4F5A6B7C8D}.Release|Any CPU.ActiveCfg = Release|Any CPU
		{A3B4C5D6-E7F8-4A5B-1C2D-3E4F5A6B7C8D}.Release|Any CPU.Build.0 = Release|Any CPU
		{A3B4C5D6-E7F8-4A5B-1C2D-3E4F5A6B7C8D}.Release|x64.ActiveCfg = Release|Any CPU
		{A3B4C5D6-E7F8-4A5B-1C2D-3E4F5A6B7C8D}.Release|x86.ActiveCfg = Release|Any CPU
		{B4C5D6E7-F8A9-4B5C-2D3E-4F5A6B7C8D9E}.Debug|Any CPU.ActiveCfg = Debug|Any CPU
		{B4C5D6E7-F8A9-4B5C-2D3E-4F5A6B7C8D9E}.Debug|Any CPU.Build.0 = Debug|Any CPU
		{B4C5D6E7-F8A9-4B5C-2D3E-4F5A6B7C8D9E}.Debug|x64.ActiveCfg = Debug|Any CPU
		{B4C5D6E7-F8A9-4B5C-2D3E-4F5A6B7C8D9E}.Debug|x86.ActiveCfg = Debug|Any CPU
		{B4C5D6E7-F8A9-4B5C-2D3E-4F5A6B7C8D9E}.Release|Any CPU.ActiveCfg = Release|Any CPU
		{B4C5D6E7-F8A9-4B5C-2D3E-4F5A6B7C8D9E}.Release|Any CPU.Build.0 = Release|Any CPU
		{B4C5D6E7-F8A9-4B5C-2D3E-4F5A6B7C8D9E}.Release|x64.ActiveCfg = Release|Any CPU
		{B4C5D6E7-F8A9-4B5C-2D3E-4F5A6B7C8D9E}.Release|x86.ActiveCfg = Release|Any CPU
	EndGlobalSection
	GlobalSection(SolutionProperties) = preSolution
		HideSolutionNode = FALSE
	EndGlobalSection
	GlobalSection(NestedProjects) = preSolution
		{4DF80442-A1E5-CC28-AE7B-27B5F9BFE52B} = {827E0CD3-B72D-47B6-A68D-7590B98EB39B}
		{1A7D1DFF-DC6F-4439-A1CA-C4F4152B6B90} = {4DF80442-A1E5-CC28-AE7B-27B5F9BFE52B}
		{D370BC39-A501-46F4-AE32-4F3AD5252C60} = {4DF80442-A1E5-CC28-AE7B-27B5F9BFE52B}
		{DB33128E-87CC-4849-A3D8-A4A5ECCBF154} = {4DF80442-A1E5-CC28-AE7B-27B5F9BFE52B}
		{6133773C-CAC3-41EA-8023-6B6EA2C4E50F} = {4DF80442-A1E5-CC28-AE7B-27B5F9BFE52B}
		{8AD0807E-09EC-4C9D-BFCD-6201451D82EE} = {0AB3BF05-4346-4AA6-1389-037BE0695223}
		{C5A3B5EA-BE9F-76E5-E9B8-8A22B289B295} = {827E0CD3-B72D-47B6-A68D-7590B98EB39B}
		{F70FDF6E-62E0-488C-B781-284C73D38DDE} = {C5A3B5EA-BE9F-76E5-E9B8-8A22B289B295}
		{9677EDEE-A2B3-4EE0-9341-3BF02731CDCA} = {C5A3B5EA-BE9F-76E5-E9B8-8A22B289B295}
		{75555A63-6A3B-474C-A701-CBB322860C50} = {C5A3B5EA-BE9F-76E5-E9B8-8A22B289B295}
		{C27A8792-5A39-4B5D-B509-02727F76A9E2} = {C5A3B5EA-BE9F-76E5-E9B8-8A22B289B295}
		{489171DD-B59B-420A-9699-AA05895C3D30} = {C5A3B5EA-BE9F-76E5-E9B8-8A22B289B295}
		{D912A323-ED1C-4538-99EA-3C98A648B17F} = {0AB3BF05-4346-4AA6-1389-037BE0695223}
		{A731180D-FE06-463D-934C-0E7F51D80889} = {0AB3BF05-4346-4AA6-1389-037BE0695223}
		{EC447DCF-ABFA-6E24-52A5-D7FD48A5C558} = {827E0CD3-B72D-47B6-A68D-7590B98EB39B}
		{1E1EF545-4C18-AEE2-B997-7EF431518D3F} = {EC447DCF-ABFA-6E24-52A5-D7FD48A5C558}
		{0FCFA057-53D9-4A06-AC42-3A0FA6412ADF} = {1E1EF545-4C18-AEE2-B997-7EF431518D3F}
		{9CBFDA19-A788-4511-8A47-5AAEEF44CFB3} = {1E1EF545-4C18-AEE2-B997-7EF431518D3F}
		{2E99B5A2-CDCB-4878-9B1F-A17E8CB08F87} = {1E1EF545-4C18-AEE2-B997-7EF431518D3F}
		{FABF5F0A-861C-4D5C-89F2-216CFB39177A} = {1E1EF545-4C18-AEE2-B997-7EF431518D3F}
		{29FE21E1-ACAE-4DE6-9342-A86260CA64D2} = {1E1EF545-4C18-AEE2-B997-7EF431518D3F}
		{FCC583BB-F288-48CF-B7CB-197F631DD820} = {0AB3BF05-4346-4AA6-1389-037BE0695223}
		{A1B2C3D4-E5F6-4A5B-8C9D-0E1F2A3B4C5D} = {EC447DCF-ABFA-6E24-52A5-D7FD48A5C558}
		{B2C3D4E5-F6A7-4B5C-9D0E-1F2A3B4C5D6E} = {A1B2C3D4-E5F6-4A5B-8C9D-0E1F2A3B4C5D}
		{C3D4E5F6-A7B8-4C5D-0E1F-2A3B4C5D6E7F} = {A1B2C3D4-E5F6-4A5B-8C9D-0E1F2A3B4C5D}
		{D4E5F6A7-B8C9-4D5E-1F2A-3B4C5D6E7F8A} = {A1B2C3D4-E5F6-4A5B-8C9D-0E1F2A3B4C5D}
		{E5F6A7B8-C9D0-4E5F-2A3B-4C5D6E7F8A9B} = {A1B2C3D4-E5F6-4A5B-8C9D-0E1F2A3B4C5D}
		{F6A7B8C9-D0E1-4F5A-3B4C-5D6E7F8A9B0C} = {A1B2C3D4-E5F6-4A5B-8C9D-0E1F2A3B4C5D}
		{A7B8C9D0-E1F2-4A5B-4C5D-6E7F8A9B0C1D} = {0AB3BF05-4346-4AA6-1389-037BE0695223}
		{B8C9D0E1-F2A3-4B5C-6D7E-8F9A0B1C2D3E} = {EC447DCF-ABFA-6E24-52A5-D7FD48A5C558}
		{C9D0E1F2-A3B4-4C5D-7E8F-9A0B1C2D3E4F} = {B8C9D0E1-F2A3-4B5C-6D7E-8F9A0B1C2D3E}
		{D0E1F2A3-B4C5-4D5E-8F9A-0B1C2D3E4F5A} = {B8C9D0E1-F2A3-4B5C-6D7E-8F9A0B1C2D3E}
		{E1F2A3B4-C5D6-4E5F-9A0B-1C2D3E4F5A6B} = {B8C9D0E1-F2A3-4B5C-6D7E-8F9A0B1C2D3E}
		{F2A3B4C5-D6E7-4F5A-0B1C-2D3E4F5A6B7C} = {B8C9D0E1-F2A3-4B5C-6D7E-8F9A0B1C2D3E}
		{A3B4C5D6-E7F8-4A5B-1C2D-3E4F5A6B7C8D} = {B8C9D0E1-F2A3-4B5C-6D7E-8F9A0B1C2D3E}
		{B4C5D6E7-F8A9-4B5C-2D3E-4F5A6B7C8D9E} = {0AB3BF05-4346-4AA6-1389-037BE0695223}
	EndGlobalSection
EndGlobal
